
Microsoft Visual Studio Solution File, Format Version 12.00
# Visual Studio 15
VisualStudioVersion = 15.0.27130.2020
MinimumVisualStudioVersion = 10.0.40219.1
Project("{888888A0-9F3D-457C-B088-3A5042F75D52}") = "EasyData", "EasyData\EasyData.pyproj", "{288E02E8-019C-45CA-9A33-46C4698DE8AC}"
EndProject
Global
	GlobalSection(SolutionConfigurationPlatforms) = preSolution
		Debug|Any CPU = Debug|Any CPU
		Release|Any CPU = Release|Any CPU
	EndGlobalSection
	GlobalSection(ProjectConfigurationPlatforms) = postSolution
		{288E02E8-019C-45CA-9A33-46C4698DE8AC}.Debug|Any CPU.ActiveCfg = Debug|Any CPU
		{288E02E8-019C-45CA-9A33-46C4698DE8AC}.Release|Any CPU.ActiveCfg = Release|Any CPU
	EndGlobalSection
	GlobalSection(SolutionProperties) = preSolution
		HideSolutionNode = FALSE
	EndGlobalSection
	GlobalSection(ExtensibilityGlobals) = postSolution
		SolutionGuid = {C2AF7DAE-0764-4149-A782-41B8EC407DB5}
	EndGlobalSection
EndGlobal
